
Microsoft Visual Studio Solution File, Format Version 12.00
# Visual Studio Version 16
VisualStudioVersion = 16.0.31613.86
MinimumVisualStudioVersion = 10.0.40219.1
Project("{FAE04EC0-301F-11D3-BF4B-00C04F79EFBC}") = "Lab4_Demo", "Lab4_Demo\Lab4_Demo.csproj", "{ABD9EF3D-3546-4E61-A4CC-9D11CE6EEE2D}"
EndProject
Global
	GlobalSection(SolutionConfigurationPlatforms) = preSolution
		Debug|Any CPU = Debug|Any CPU
		Release|Any CPU = Release|Any CPU
	EndGlobalSection
	GlobalSection(ProjectConfigurationPlatforms) = postSolution
		{ABD9EF3D-3546-4E61-A4CC-9D11CE6EEE2D}.Debug|Any CPU.ActiveCfg = Debug|Any CPU
		{ABD9EF3D-3546-4E61-A4CC-9D11CE6EEE2D}.Debug|Any CPU.Build.0 = Debug|Any CPU
		{ABD9EF3D-3546-4E61-A4CC-9D11CE6EEE2D}.Release|Any CPU.ActiveCfg = Release|Any CPU
		{ABD9EF3D-3546-4E61-A4CC-9D11CE6EEE2D}.Release|Any CPU.Build.0 = Release|Any CPU
	EndGlobalSection
	GlobalSection(SolutionProperties) = preSolution
		HideSolutionNode = FALSE
	EndGlobalSection
	GlobalSection(ExtensibilityGlobals) = postSolution
		SolutionGuid = {622EF209-969A-4A46-AA2C-C6C6118F50E0}
	EndGlobalSection
EndGlobal
