
Microsoft Visual Studio Solution File, Format Version 12.00
# Visual Studio Version 16
VisualStudioVersion = 16.0.31613.86
MinimumVisualStudioVersion = 10.0.40219.1
Project("{FAE04EC0-301F-11D3-BF4B-00C04F79EFBC}") = "Lab5_Demo", "Lab5_Demo\Lab5_Demo.csproj", "{AEACF4A7-FEA1-4D82-9E7D-CF14401CC567}"
EndProject
Global
	GlobalSection(SolutionConfigurationPlatforms) = preSolution
		Debug|Any CPU = Debug|Any CPU
		Release|Any CPU = Release|Any CPU
	EndGlobalSection
	GlobalSection(ProjectConfigurationPlatforms) = postSolution
		{AEACF4A7-FEA1-4D82-9E7D-CF14401CC567}.Debug|Any CPU.ActiveCfg = Debug|Any CPU
		{AEACF4A7-FEA1-4D82-9E7D-CF14401CC567}.Debug|Any CPU.Build.0 = Debug|Any CPU
		{AEACF4A7-FEA1-4D82-9E7D-CF14401CC567}.Release|Any CPU.ActiveCfg = Release|Any CPU
		{AEACF4A7-FEA1-4D82-9E7D-CF14401CC567}.Release|Any CPU.Build.0 = Release|Any CPU
	EndGlobalSection
	GlobalSection(SolutionProperties) = preSolution
		HideSolutionNode = FALSE
	EndGlobalSection
	GlobalSection(ExtensibilityGlobals) = postSolution
		SolutionGuid = {88DE0F8D-9083-433C-9C6F-9064678539C7}
	EndGlobalSection
EndGlobal
