
Microsoft Visual Studio Solution File, Format Version 12.00
# Visual Studio Version 17
VisualStudioVersion = 17.0.31903.59
MinimumVisualStudioVersion = 10.0.40219.1
Project("{FAE04EC0-301F-11D3-BF4B-00C04F79EFBC}") = "RestaurantManagementProject", "RestaurantManagementProject\RestaurantManagementProject.csproj", "{67187521-3DFA-4517-AF8B-9C8A51CA3A13}"
EndProject
Project("{FAE04EC0-301F-11D3-BF4B-00C04F79EFBC}") = "BusinessLogic", "BusinessLogic\BusinessLogic.csproj", "{D8E32603-BB41-44D8-9F1F-8DDE9FF3F690}"
EndProject
Project("{FAE04EC0-301F-11D3-BF4B-00C04F79EFBC}") = "DataAccess", "DataAccess\DataAccess.csproj", "{EA37B6FD-B91C-402D-BEF6-F0F26833CAEA}"
EndProject
Global
	GlobalSection(SolutionConfigurationPlatforms) = preSolution
		Debug|Any CPU = Debug|Any CPU
		Release|Any CPU = Release|Any CPU
	EndGlobalSection
	GlobalSection(ProjectConfigurationPlatforms) = postSolution
		{67187521-3DFA-4517-AF8B-9C8A51CA3A13}.Debug|Any CPU.ActiveCfg = Debug|Any CPU
		{67187521-3DFA-4517-AF8B-9C8A51CA3A13}.Debug|Any CPU.Build.0 = Debug|Any CPU
		{67187521-3DFA-4517-AF8B-9C8A51CA3A13}.Release|Any CPU.ActiveCfg = Release|Any CPU
		{67187521-3DFA-4517-AF8B-9C8A51CA3A13}.Release|Any CPU.Build.0 = Release|Any CPU
		{D8E32603-BB41-44D8-9F1F-8DDE9FF3F690}.Debug|Any CPU.ActiveCfg = Debug|Any CPU
		{D8E32603-BB41-44D8-9F1F-8DDE9FF3F690}.Debug|Any CPU.Build.0 = Debug|Any CPU
		{D8E32603-BB41-44D8-9F1F-8DDE9FF3F690}.Release|Any CPU.ActiveCfg = Release|Any CPU
		{D8E32603-BB41-44D8-9F1F-8DDE9FF3F690}.Release|Any CPU.Build.0 = Release|Any CPU
		{EA37B6FD-B91C-402D-BEF6-F0F26833CAEA}.Debug|Any CPU.ActiveCfg = Debug|Any CPU
		{EA37B6FD-B91C-402D-BEF6-F0F26833CAEA}.Debug|Any CPU.Build.0 = Debug|Any CPU
		{EA37B6FD-B91C-402D-BEF6-F0F26833CAEA}.Release|Any CPU.ActiveCfg = Release|Any CPU
		{EA37B6FD-B91C-402D-BEF6-F0F26833CAEA}.Release|Any CPU.Build.0 = Release|Any CPU
	EndGlobalSection
	GlobalSection(SolutionProperties) = preSolution
		HideSolutionNode = FALSE
	EndGlobalSection
	GlobalSection(ExtensibilityGlobals) = postSolution
		SolutionGuid = {8F0C42E1-C680-49A9-A2A7-A2260B610492}
	EndGlobalSection
EndGlobal
