
Microsoft Visual Studio Solution File, Format Version 12.00
# Visual Studio Version 16
VisualStudioVersion = 16.0.31613.86
MinimumVisualStudioVersion = 10.0.40219.1
Project("{FAE04EC0-301F-11D3-BF4B-00C04F79EFBC}") = "DatetimePicker", "DatetimePicker\DatetimePicker.csproj", "{D89C9EBA-0058-4F19-800B-8BB282334ABD}"
EndProject
Global
	GlobalSection(SolutionConfigurationPlatforms) = preSolution
		Debug|Any CPU = Debug|Any CPU
		Release|Any CPU = Release|Any CPU
	EndGlobalSection
	GlobalSection(ProjectConfigurationPlatforms) = postSolution
		{D89C9EBA-0058-4F19-800B-8BB282334ABD}.Debug|Any CPU.ActiveCfg = Debug|Any CPU
		{D89C9EBA-0058-4F19-800B-8BB282334ABD}.Debug|Any CPU.Build.0 = Debug|Any CPU
		{D89C9EBA-0058-4F19-800B-8BB282334ABD}.Release|Any CPU.ActiveCfg = Release|Any CPU
		{D89C9EBA-0058-4F19-800B-8BB282334ABD}.Release|Any CPU.Build.0 = Release|Any CPU
	EndGlobalSection
	GlobalSection(SolutionProperties) = preSolution
		HideSolutionNode = FALSE
	EndGlobalSection
	GlobalSection(ExtensibilityGlobals) = postSolution
		SolutionGuid = {923108D2-437D-4171-A6F7-6E8975A77D16}
	EndGlobalSection
EndGlobal
